
Microsoft Visual Studio Solution File, Format Version 12.00
# Visual Studio Version 17
VisualStudioVersion = 17.10.35013.160
MinimumVisualStudioVersion = 10.0.40219.1
Project("{FAE04EC0-301F-11D3-BF4B-00C04F79EFBC}") = "SMOTest", "SMOTest.csproj", "{743ACE87-26D9-4C60-8D77-C6D48C882C85}"
EndProject
Global
	GlobalSection(SolutionConfigurationPlatforms) = preSolution
		Debug|Any CPU = Debug|Any CPU
		Release|Any CPU = Release|Any CPU
	EndGlobalSection
	GlobalSection(ProjectConfigurationPlatforms) = postSolution
		{743ACE87-26D9-4C60-8D77-C6D48C882C85}.Debug|Any CPU.ActiveCfg = Debug|Any CPU
		{743ACE87-26D9-4C60-8D77-C6D48C882C85}.Debug|Any CPU.Build.0 = Debug|Any CPU
		{743ACE87-26D9-4C60-8D77-C6D48C882C85}.Release|Any CPU.ActiveCfg = Release|Any CPU
		{743ACE87-26D9-4C60-8D77-C6D48C882C85}.Release|Any CPU.Build.0 = Release|Any CPU
	EndGlobalSection
	GlobalSection(SolutionProperties) = preSolution
		HideSolutionNode = FALSE
	EndGlobalSection
	GlobalSection(ExtensibilityGlobals) = postSolution
		SolutionGuid = {791F58D1-75F3-4C54-9E1A-7E09BC6CB903}
	EndGlobalSection
EndGlobal
